
Microsoft Visual Studio Solution File, Format Version 12.00
# Visual Studio Version 16
VisualStudioVersion = 16.0.31729.503
MinimumVisualStudioVersion = 10.0.40219.1
Project("{FAE04EC0-301F-11D3-BF4B-00C04F79EFBC}") = "Assignment2", "Assignment2\Assignment2.csproj", "{1C063B8F-BA87-4C41-B506-EC9B9AF8E8C7}"
EndProject
Global
	GlobalSection(SolutionConfigurationPlatforms) = preSolution
		Debug|Any CPU = Debug|Any CPU
		Release|Any CPU = Release|Any CPU
	EndGlobalSection
	GlobalSection(ProjectConfigurationPlatforms) = postSolution
		{1C063B8F-BA87-4C41-B506-EC9B9AF8E8C7}.Debug|Any CPU.ActiveCfg = Debug|Any CPU
		{1C063B8F-BA87-4C41-B506-EC9B9AF8E8C7}.Debug|Any CPU.Build.0 = Debug|Any CPU
		{1C063B8F-BA87-4C41-B506-EC9B9AF8E8C7}.Release|Any CPU.ActiveCfg = Release|Any CPU
		{1C063B8F-BA87-4C41-B506-EC9B9AF8E8C7}.Release|Any CPU.Build.0 = Release|Any CPU
	EndGlobalSection
	GlobalSection(SolutionProperties) = preSolution
		HideSolutionNode = FALSE
	EndGlobalSection
	GlobalSection(ExtensibilityGlobals) = postSolution
		SolutionGuid = {8E2AEA6F-B607-4242-ABA4-D3D8D47D7041}
	EndGlobalSection
EndGlobal
